
Microsoft Visual Studio Solution File, Format Version 12.00
# Visual Studio Version 17
VisualStudioVersion = 17.14.36127.28 d17.14
MinimumVisualStudioVersion = 10.0.40219.1
Project("{FAE04EC0-301F-11D3-BF4B-00C04F79EFBC}") = "MauiAppMAUI", "MauiAppMAUI\MauiAppMAUI.csproj", "{0895653E-5E2A-4566-ACB1-D2CE6C81855C}"
EndProject
Global
	GlobalSection(SolutionConfigurationPlatforms) = preSolution
		Debug|Any CPU = Debug|Any CPU
		Release|Any CPU = Release|Any CPU
	EndGlobalSection
	GlobalSection(ProjectConfigurationPlatforms) = postSolution
		{0895653E-5E2A-4566-ACB1-D2CE6C81855C}.Debug|Any CPU.ActiveCfg = Debug|Any CPU
		{0895653E-5E2A-4566-ACB1-D2CE6C81855C}.Debug|Any CPU.Build.0 = Debug|Any CPU
		{0895653E-5E2A-4566-ACB1-D2CE6C81855C}.Debug|Any CPU.Deploy.0 = Debug|Any CPU
		{0895653E-5E2A-4566-ACB1-D2CE6C81855C}.Release|Any CPU.ActiveCfg = Release|Any CPU
		{0895653E-5E2A-4566-ACB1-D2CE6C81855C}.Release|Any CPU.Build.0 = Release|Any CPU
		{0895653E-5E2A-4566-ACB1-D2CE6C81855C}.Release|Any CPU.Deploy.0 = Release|Any CPU
	EndGlobalSection
	GlobalSection(SolutionProperties) = preSolution
		HideSolutionNode = FALSE
	EndGlobalSection
	GlobalSection(ExtensibilityGlobals) = postSolution
		SolutionGuid = {9BE89D67-E0B1-41B5-A078-EAD59B3C852D}
	EndGlobalSection
EndGlobal
